// !$*UTF8*$!
{
	archiveVersion = 1;
	classes = {
	};
	objectVersion = 46;
	objects = {

/* Begin PBXBuildFile section */
		0DF6022A1539F23600CA83EB /* UIKit.framework in Frameworks */ = {isa = PBXBuildFile; fileRef = 0DF602291539F23600CA83EB /* UIKit.framework */; };
		0DF6022C1539F23600CA83EB /* Foundation.framework in Frameworks */ = {isa = PBXBuildFile; fileRef = 0DF6022B1539F23600CA83EB /* Foundation.framework */; };
		0DF6022E1539F23600CA83EB /* CoreGraphics.framework in Frameworks */ = {isa = PBXBuildFile; fileRef = 0DF6022D1539F23600CA83EB /* CoreGraphics.framework */; };
		0DF602341539F23700CA83EB /* InfoPlist.strings in Resources */ = {isa = PBXBuildFile; fileRef = 0DF602321539F23700CA83EB /* InfoPlist.strings */; };
		0DF602361539F23700CA83EB /* main.m in Sources */ = {isa = PBXBuildFile; fileRef = 0DF602351539F23700CA83EB /* main.m */; };
		0DF6023A1539F23700CA83EB /* AppDelegate.m in Sources */ = {isa = PBXBuildFile; fileRef = 0DF602391539F23700CA83EB /* AppDelegate.m */; };
/* End PBXBuildFile section */

/* Begin PBXFileReference section */
		0DF602251539F23600CA83EB /* Contatos.app */ = {isa = PBXFileReference; explicitFileType = wrapper.application; includeInIndex = 0; path = Contatos.app; sourceTree = BUILT_PRODUCTS_DIR; };
		0DF602291539F23600CA83EB /* UIKit.framework */ = {isa = PBXFileReference; lastKnownFileType = wrapper.framework; name = UIKit.framework; path = System/Library/Frameworks/UIKit.framework; sourceTree = SDKROOT; };
		0DF6022B1539F23600CA83EB /* Foundation.framework */ = {isa = PBXFileReference; lastKnownFileType = wrapper.framework; name = Foundation.framework; path = System/Library/Frameworks/Foundation.framework; sourceTree = SDKROOT; };
		0DF6022D1539F23600CA83EB /* CoreGraphics.framework */ = {isa = PBXFileReference; lastKnownFileType = wrapper.framework; name = CoreGraphics.framework; path = System/Library/Frameworks/CoreGraphics.framework; sourceTree = SDKROOT; };
		0DF602311539F23700CA83EB /* Contatos-Info.plist */ = {isa = PBXFileReference; path = "Contatos-Info.plist"; sourceTree = "<group>"; };
		0DF602331539F23700CA83EB /* en */ = {isa = PBXFileReference; lastKnownFileType = text.plist.strings; name = en; path = en.lproj/InfoPlist.strings; sourceTree = "<group>"; };
		0DF602351539F23700CA83EB /* main.m */ = {isa = PBXFileReference; lastKnownFileType = sourcecode.c.objc; path = main.m; sourceTree = "<group>"; };
		0DF602371539F23700CA83EB /* Contatos-Prefix.pch */ = {isa = PBXFileReference; path = "Contatos-Prefix.pch"; sourceTree = "<group>"; };
		0DF602381539F23700CA83EB /* AppDelegate.h */ = {isa = PBXFileReference; path = AppDelegate.h; sourceTree = "<group>"; };
		0DF602391539F23700CA83EB /* AppDelegate.m */ = {isa = PBXFileReference; lastKnownFileType = sourcecode.c.objc; path = AppDelegate.m; sourceTree = "<group>"; };
/* End PBXFileReference section */

/* Begin PBXFrameworksBuildPhase section */
		0DF602221539F23600CA83EB /* Frameworks */ = {
			isa = PBXFrameworksBuildPhase;
			buildActionMask = 2147483647;
			files = (
				0DF6022A1539F23600CA83EB /* UIKit.framework in Frameworks */,
				0DF6022C1539F23600CA83EB /* Foundation.framework in Frameworks */,
				0DF6022E1539F23600CA83EB /* CoreGraphics.framework in Frameworks */,
			);
			runOnlyForDeploymentPostprocessing = 0;
		};
/* End PBXFrameworksBuildPhase section */

/* Begin PBXGroup section */
		0DF6021A1539F23600CA83EB = {
			isa = PBXGroup;
			children = (
				0DF6022F1539F23600CA83EB /* Contatos */,
				0DF602281539F23600CA83EB /* Frameworks */,
				0DF602261539F23600CA83EB /* Products */,
			);
			sourceTree = "<group>";
		};
		0DF602261539F23600CA83EB /* Products */ = {
			isa = PBXGroup;
			children = (
				0DF602251539F23600CA83EB /* Contatos.app */,
			);
			name = Products;
			sourceTree = "<group>";
		};
		0DF602281539F23600CA83EB /* Frameworks */ = {
			isa = PBXGroup;
			children = (
				0DF602291539F23600CA83EB /* UIKit.framework */,
				0DF6022B1539F23600CA83EB /* Foundation.framework */,
				0DF6022D1539F23600CA83EB /* CoreGraphics.framework */,
			);
			name = Frameworks;
			sourceTree = "<group>";
		};
		0DF6022F1539F23600CA83EB /* Contatos */ = {
			isa = PBXGroup;
			children = (
				0DF602381539F23700CA83EB /* AppDelegate.h */,
				0DF602391539F23700CA83EB /* AppDelegate.m */,
				0DF602301539F23700CA83EB /* Supporting Files */,
			);
			path = Contatos;
			sourceTree = "<group>";
		};
		0DF602301539F23700CA83EB /* Supporting Files */ = {
			isa = PBXGroup;
			children = (
				0DF602311539F23700CA83EB /* Contatos-Info.plist */,
				0DF602321539F23700CA83EB /* InfoPlist.strings */,
				0DF602351539F23700CA83EB /* main.m */,
				0DF602371539F23700CA83EB /* Contatos-Prefix.pch */,
			);
			name = "Supporting Files";
			sourceTree = "<group>";
		};
/* End PBXGroup section */

/* Begin PBXNativeTarget section */
		0DF602241539F23600CA83EB /* Contatos */ = {
			isa = PBXNativeTarget;
			buildConfigurationList = 0DF6023D1539F23700CA83EB /* Build configuration list for PBXNativeTarget "Contatos" */;
			buildPhases = (
				0DF602211539F23600CA83EB /* Sources */,
				0DF602221539F23600CA83EB /* Frameworks */,
				0DF602231539F23600CA83EB /* Resources */,
			);
			buildRules = (
			);
			dependencies = (
			);
			name = Contatos;
			productName = Contatos;
			productReference = 0DF602251539F23600CA83EB /* Contatos.app */;
			productType = "com.apple.product-type.application";
		};
/* End PBXNativeTarget section */

/* Begin PBXProject section */
		0DF6021C1539F23600CA83EB /* Project object */ = {
			isa = PBXProject;
			attributes = {
				LastUpgradeCheck = 0420;
			};
			buildConfigurationList = 0DF6021F1539F23600CA83EB /* Build configuration list for PBXProject "Contatos" */;
			compatibilityVersion = "Xcode 3.2";
			developmentRegion = English;
			hasScannedForEncodings = 0;
			knownRegions = (
				en,
			);
			mainGroup = 0DF6021A1539F23600CA83EB;
			productRefGroup = 0DF602261539F23600CA83EB /* Products */;
			projectDirPath = "";
			projectRoot = "";
			targets = (
				0DF602241539F23600CA83EB /* Contatos */,
			);
		};
/* End PBXProject section */

/* Begin PBXResourcesBuildPhase section */
		0DF602231539F23600CA83EB /* Resources */ = {
			isa = PBXResourcesBuildPhase;
			buildActionMask = 2147483647;
			files = (
				0DF602341539F23700CA83EB /* InfoPlist.strings in Resources */,
			);
			runOnlyForDeploymentPostprocessing = 0;
		};
/* End PBXResourcesBuildPhase section */

/* Begin PBXSourcesBuildPhase section */
		0DF602211539F23600CA83EB /* Sources */ = {
			isa = PBXSourcesBuildPhase;
			buildActionMask = 2147483647;
			files = (
				0DF602361539F23700CA83EB /* main.m in Sources */,
				0DF6023A1539F23700CA83EB /* AppDelegate.m in Sources */,
			);
			runOnlyForDeploymentPostprocessing = 0;
		};
/* End PBXSourcesBuildPhase section */

/* Begin PBXVariantGroup section */
		0DF602321539F23700CA83EB /* InfoPlist.strings */ = {
			isa = PBXVariantGroup;
			children = (
				0DF602331539F23700CA83EB /* en */,
			);
			name = InfoPlist.strings;
			sourceTree = "<group>";
		};
/* End PBXVariantGroup section */

/* Begin XCBuildConfiguration section */
		0DF6023B1539F23700CA83EB /* Debug */ = {
			isa = XCBuildConfiguration;
			buildSettings = {
				ALWAYS_SEARCH_USER_PATHS = NO;
				ARCHS = "$(ARCHS_STANDARD_32_BIT)";
				CLANG_ENABLE_OBJC_ARC = YES;
				"CODE_SIGN_IDENTITY[sdk=iphoneos*]" = "iPhone Developer";
				COPY_PHASE_STRIP = NO;
				GCC_C_LANGUAGE_STANDARD = gnu99;
				GCC_DYNAMIC_NO_PIC = NO;
				GCC_OPTIMIZATION_LEVEL = 0;
				GCC_PREPROCESSOR_DEFINITIONS = (
					"DEBUG=1",
					"$(inherited)",
				);
				GCC_SYMBOLS_PRIVATE_EXTERN = NO;
				GCC_VERSION = com.apple.compilers.llvm.clang.1_0;
				GCC_WARN_ABOUT_MISSING_PROTOTYPES = YES;
				GCC_WARN_ABOUT_RETURN_TYPE = YES;
				GCC_WARN_UNUSED_VARIABLE = YES;
				IPHONEOS_DEPLOYMENT_TARGET = 5.0;
				SDKROOT = iphoneos;
			};
			name = Debug;
		};
		0DF6023C1539F23700CA83EB /* Release */ = {
			isa = XCBuildConfiguration;
			buildSettings = {
				ALWAYS_SEARCH_USER_PATHS = NO;
				ARCHS = "$(ARCHS_STANDARD_32_BIT)";
				CLANG_ENABLE_OBJC_ARC = YES;
				"CODE_SIGN_IDENTITY[sdk=iphoneos*]" = "iPhone Developer";
				COPY_PHASE_STRIP = YES;
				GCC_C_LANGUAGE_STANDARD = gnu99;
				GCC_VERSION = com.apple.compilers.llvm.clang.1_0;
				GCC_WARN_ABOUT_MISSING_PROTOTYPES = YES;
				GCC_WARN_ABOUT_RETURN_TYPE = YES;
				GCC_WARN_UNUSED_VARIABLE = YES;
				IPHONEOS_DEPLOYMENT_TARGET = 5.0;
				OTHER_CFLAGS = "-DNS_BLOCK_ASSERTIONS=1";
				SDKROOT = iphoneos;
				VALIDATE_PRODUCT = YES;
			};
			name = Release;
		};
		0DF6023E1539F23700CA83EB /* Debug */ = {
			isa = XCBuildConfiguration;
			buildSettings = {
				GCC_PRECOMPILE_PREFIX_HEADER = YES;
				GCC_PREFIX_HEADER = "Contatos/Contatos-Prefix.pch";
				INFOPLIST_FILE = "Contatos/Contatos-Info.plist";
				PRODUCT_NAME = "$(TARGET_NAME)";
				WRAPPER_EXTENSION = app;
			};
			name = Debug;
		};
		0DF6023F1539F23700CA83EB /* Release */ = {
			isa = XCBuildConfiguration;
			buildSettings = {
				GCC_PRECOMPILE_PREFIX_HEADER = YES;
				GCC_PREFIX_HEADER = "Contatos/Contatos-Prefix.pch";
				INFOPLIST_FILE = "Contatos/Contatos-Info.plist";
				PRODUCT_NAME = "$(TARGET_NAME)";
				WRAPPER_EXTENSION = app;
			};
			name = Release;
		};
/* End XCBuildConfiguration section */

/* Begin XCConfigurationList section */
		0DF6021F1539F23600CA83EB /* Build configuration list for PBXProject "Contatos" */ = {
			isa = XCConfigurationList;
			buildConfigurations = (
				0DF6023B1539F23700CA83EB /* Debug */,
				0DF6023C1539F23700CA83EB /* Release */,
			);
			defaultConfigurationIsVisible = 0;
			defaultConfigurationName = Release;
		};
		0DF6023D1539F23700CA83EB /* Build configuration list for PBXNativeTarget "Contatos" */ = {
			isa = XCConfigurationList;
			buildConfigurations = (
				0DF6023E1539F23700CA83EB /* Debug */,
				0DF6023F1539F23700CA83EB /* Release */,
			);
			defaultConfigurationIsVisible = 0;
		};
/* End XCConfigurationList section */
	};
	rootObject = 0DF6021C1539F23600CA83EB /* Project object */;
}
